
Microsoft Visual Studio Solution File, Format Version 12.00
# Visual Studio Version 17
VisualStudioVersion = 17.0.32014.148
MinimumVisualStudioVersion = 10.0.40219.1
Project("{FAE04EC0-301F-11D3-BF4B-00C04F79EFBC}") = "PalTool", "PalTool.csproj", "{2A221F13-EC8A-40E4-8FB2-ECE4271E50C1}"
EndProject
Global
	GlobalSection(SolutionConfigurationPlatforms) = preSolution
		Debug|Any CPU = Debug|Any CPU
		Release|Any CPU = Release|Any CPU
	EndGlobalSection
	GlobalSection(ProjectConfigurationPlatforms) = postSolution
		{2A221F13-EC8A-40E4-8FB2-ECE4271E50C1}.Debug|Any CPU.ActiveCfg = Debug|Any CPU
		{2A221F13-EC8A-40E4-8FB2-ECE4271E50C1}.Debug|Any CPU.Build.0 = Debug|Any CPU
		{2A221F13-EC8A-40E4-8FB2-ECE4271E50C1}.Release|Any CPU.ActiveCfg = Release|Any CPU
		{2A221F13-EC8A-40E4-8FB2-ECE4271E50C1}.Release|Any CPU.Build.0 = Release|Any CPU
	EndGlobalSection
	GlobalSection(SolutionProperties) = preSolution
		HideSolutionNode = FALSE
	EndGlobalSection
	GlobalSection(ExtensibilityGlobals) = postSolution
		SolutionGuid = {D41C945B-93BE-4908-AC65-7566DB59B3C1}
	EndGlobalSection
EndGlobal
